
Microsoft Visual Studio Solution File, Format Version 11.00
# Visual Studio 2010
Project("{FAE04EC0-301F-11D3-BF4B-00C04F79EFBC}") = "BloodCellShooter", "Assembly-CSharp.csproj", "{29F7E049-C95B-4BC3-3119-8FC90526298D}"
EndProject
Global
	GlobalSection(SolutionConfigurationPlatforms) = preSolution
		Debug|Any CPU = Debug|Any CPU
		Release|Any CPU = Release|Any CPU
	EndGlobalSection
	GlobalSection(ProjectConfigurationPlatforms) = postSolution
		{29F7E049-C95B-4BC3-3119-8FC90526298D}.Debug|Any CPU.ActiveCfg = Debug|Any CPU
		{29F7E049-C95B-4BC3-3119-8FC90526298D}.Debug|Any CPU.Build.0 = Debug|Any CPU
		{29F7E049-C95B-4BC3-3119-8FC90526298D}.Release|Any CPU.ActiveCfg = Release|Any CPU
		{29F7E049-C95B-4BC3-3119-8FC90526298D}.Release|Any CPU.Build.0 = Release|Any CPU
	EndGlobalSection
	GlobalSection(SolutionProperties) = preSolution
		HideSolutionNode = FALSE
	EndGlobalSection
	GlobalSection(MonoDevelopProperties) = preSolution
		StartupItem = Assembly-CSharp.csproj
	EndGlobalSection
EndGlobal
